
Microsoft Visual Studio Solution File, Format Version 12.00
# Visual Studio Version 16
VisualStudioVersion = 16.0.29519.181
MinimumVisualStudioVersion = 10.0.40219.1
Project("{9A19103F-16F7-4668-BE54-9A1E7A4F7556}") = "ConsoleApp3", "ConsoleApp3.csproj", "{00FB2C9D-8982-4598-A816-365BD14773B0}"
EndProject
Project("{FAE04EC0-301F-11D3-BF4B-00C04F79EFBC}") = "secret-tguess", "..\secret-tguess\secret-tguess.csproj", "{6E77A9B9-072D-4C4E-A199-A5CEE1DA9368}"
EndProject
Global
	GlobalSection(SolutionConfigurationPlatforms) = preSolution
		Debug|Any CPU = Debug|Any CPU
		Release|Any CPU = Release|Any CPU
	EndGlobalSection
	GlobalSection(ProjectConfigurationPlatforms) = postSolution
		{00FB2C9D-8982-4598-A816-365BD14773B0}.Debug|Any CPU.ActiveCfg = Debug|Any CPU
		{00FB2C9D-8982-4598-A816-365BD14773B0}.Debug|Any CPU.Build.0 = Debug|Any CPU
		{00FB2C9D-8982-4598-A816-365BD14773B0}.Release|Any CPU.ActiveCfg = Release|Any CPU
		{00FB2C9D-8982-4598-A816-365BD14773B0}.Release|Any CPU.Build.0 = Release|Any CPU
		{6E77A9B9-072D-4C4E-A199-A5CEE1DA9368}.Debug|Any CPU.ActiveCfg = Debug|Any CPU
		{6E77A9B9-072D-4C4E-A199-A5CEE1DA9368}.Debug|Any CPU.Build.0 = Debug|Any CPU
		{6E77A9B9-072D-4C4E-A199-A5CEE1DA9368}.Release|Any CPU.ActiveCfg = Release|Any CPU
		{6E77A9B9-072D-4C4E-A199-A5CEE1DA9368}.Release|Any CPU.Build.0 = Release|Any CPU
	EndGlobalSection
	GlobalSection(SolutionProperties) = preSolution
		HideSolutionNode = FALSE
	EndGlobalSection
	GlobalSection(ExtensibilityGlobals) = postSolution
		SolutionGuid = {48129E30-F98B-46B4-BB1B-EAB9001B72E8}
	EndGlobalSection
EndGlobal
