
Microsoft Visual Studio Solution File, Format Version 12.00
# Visual Studio Version 16
VisualStudioVersion = 16.0.29519.181
MinimumVisualStudioVersion = 10.0.40219.1
Project("{FAE04EC0-301F-11D3-BF4B-00C04F79EFBC}") = "ConsoleApp1", "ConsoleApp1.csproj", "{35882DF9-E3BF-45B2-862A-CC64E9A2312D}"
EndProject
Project("{FAE04EC0-301F-11D3-BF4B-00C04F79EFBC}") = "ConsoleApp2", "..\ConsoleApp2\ConsoleApp2.csproj", "{CA62CAD4-B3B2-4961-B66F-BFF9DC8FF418}"
EndProject
Global
	GlobalSection(SolutionConfigurationPlatforms) = preSolution
		Debug|Any CPU = Debug|Any CPU
		Release|Any CPU = Release|Any CPU
	EndGlobalSection
	GlobalSection(ProjectConfigurationPlatforms) = postSolution
		{35882DF9-E3BF-45B2-862A-CC64E9A2312D}.Debug|Any CPU.ActiveCfg = Debug|Any CPU
		{35882DF9-E3BF-45B2-862A-CC64E9A2312D}.Debug|Any CPU.Build.0 = Debug|Any CPU
		{35882DF9-E3BF-45B2-862A-CC64E9A2312D}.Release|Any CPU.ActiveCfg = Release|Any CPU
		{35882DF9-E3BF-45B2-862A-CC64E9A2312D}.Release|Any CPU.Build.0 = Release|Any CPU
		{CA62CAD4-B3B2-4961-B66F-BFF9DC8FF418}.Debug|Any CPU.ActiveCfg = Debug|Any CPU
		{CA62CAD4-B3B2-4961-B66F-BFF9DC8FF418}.Debug|Any CPU.Build.0 = Debug|Any CPU
		{CA62CAD4-B3B2-4961-B66F-BFF9DC8FF418}.Release|Any CPU.ActiveCfg = Release|Any CPU
		{CA62CAD4-B3B2-4961-B66F-BFF9DC8FF418}.Release|Any CPU.Build.0 = Release|Any CPU
	EndGlobalSection
	GlobalSection(SolutionProperties) = preSolution
		HideSolutionNode = FALSE
	EndGlobalSection
	GlobalSection(ExtensibilityGlobals) = postSolution
		SolutionGuid = {ADE9ABBC-85A2-4772-A4D8-DFD42B8EB53E}
	EndGlobalSection
EndGlobal
