
Microsoft Visual Studio Solution File, Format Version 12.00
# Visual Studio Version 16
VisualStudioVersion = 16.0.29519.181
MinimumVisualStudioVersion = 10.0.40219.1
Project("{FAE04EC0-301F-11D3-BF4B-00C04F79EFBC}") = "homeworkc3", "homeworkc3.csproj", "{EE4CD97A-FA84-446C-BDE1-F0E9C85EAD90}"
EndProject
Global
	GlobalSection(SolutionConfigurationPlatforms) = preSolution
		Debug|Any CPU = Debug|Any CPU
		Release|Any CPU = Release|Any CPU
	EndGlobalSection
	GlobalSection(ProjectConfigurationPlatforms) = postSolution
		{EE4CD97A-FA84-446C-BDE1-F0E9C85EAD90}.Debug|Any CPU.ActiveCfg = Debug|Any CPU
		{EE4CD97A-FA84-446C-BDE1-F0E9C85EAD90}.Debug|Any CPU.Build.0 = Debug|Any CPU
		{EE4CD97A-FA84-446C-BDE1-F0E9C85EAD90}.Release|Any CPU.ActiveCfg = Release|Any CPU
		{EE4CD97A-FA84-446C-BDE1-F0E9C85EAD90}.Release|Any CPU.Build.0 = Release|Any CPU
	EndGlobalSection
	GlobalSection(SolutionProperties) = preSolution
		HideSolutionNode = FALSE
	EndGlobalSection
	GlobalSection(ExtensibilityGlobals) = postSolution
		SolutionGuid = {D6D03668-D30C-455F-8EC8-5D6A66AA3AD0}
	EndGlobalSection
EndGlobal
